
Microsoft Visual Studio Solution File, Format Version 12.00
# Visual Studio Version 16
VisualStudioVersion = 16.0.31019.35
MinimumVisualStudioVersion = 10.0.40219.1
Project("{FAE04EC0-301F-11D3-BF4B-00C04F79EFBC}") = "Tavisca.BowlingBall.ClassLibrary", "Tavisca.BowlingBall.ClassLibrary\Tavisca.BowlingBall.ClassLibrary.csproj", "{E0B98445-BAB8-4227-AFA5-A37B2A840437}"
EndProject
Project("{FAE04EC0-301F-11D3-BF4B-00C04F79EFBC}") = "Tavisca.BowlingBall.NUnitTests", "Tavisca.BowlingBall.NUnitTests\Tavisca.BowlingBall.NUnitTests.csproj", "{33A011C6-F6CF-4016-82A9-AF036B574A15}"
EndProject
Global
	GlobalSection(SolutionConfigurationPlatforms) = preSolution
		Debug|Any CPU = Debug|Any CPU
		Release|Any CPU = Release|Any CPU
	EndGlobalSection
	GlobalSection(ProjectConfigurationPlatforms) = postSolution
		{E0B98445-BAB8-4227-AFA5-A37B2A840437}.Debug|Any CPU.ActiveCfg = Debug|Any CPU
		{E0B98445-BAB8-4227-AFA5-A37B2A840437}.Debug|Any CPU.Build.0 = Debug|Any CPU
		{E0B98445-BAB8-4227-AFA5-A37B2A840437}.Release|Any CPU.ActiveCfg = Release|Any CPU
		{E0B98445-BAB8-4227-AFA5-A37B2A840437}.Release|Any CPU.Build.0 = Release|Any CPU
		{33A011C6-F6CF-4016-82A9-AF036B574A15}.Debug|Any CPU.ActiveCfg = Debug|Any CPU
		{33A011C6-F6CF-4016-82A9-AF036B574A15}.Debug|Any CPU.Build.0 = Debug|Any CPU
		{33A011C6-F6CF-4016-82A9-AF036B574A15}.Release|Any CPU.ActiveCfg = Release|Any CPU
		{33A011C6-F6CF-4016-82A9-AF036B574A15}.Release|Any CPU.Build.0 = Release|Any CPU
	EndGlobalSection
	GlobalSection(SolutionProperties) = preSolution
		HideSolutionNode = FALSE
	EndGlobalSection
	GlobalSection(ExtensibilityGlobals) = postSolution
		SolutionGuid = {BE1BA53E-0B16-4A32-A344-DA0068499CCE}
	EndGlobalSection
EndGlobal
